
Microsoft Visual Studio Solution File, Format Version 12.00
# Visual Studio 2013
VisualStudioVersion = 12.0.30501.0
MinimumVisualStudioVersion = 10.0.40219.1
Project("{FAE04EC0-301F-11D3-BF4B-00C04F79EFBC}") = "Tobii-EasyClick", "Tobii-EasyClick\Tobii-EasyClick.csproj", "{74C8C617-DB74-4798-B585-69CDFEF7E396}"
EndProject
Project("{FAE04EC0-301F-11D3-BF4B-00C04F79EFBC}") = "TobiiGUI", "Test\TobiiGUI.csproj", "{4C7C710A-7F81-40FD-89C8-A3CEB99BB612}"
EndProject
Global
	GlobalSection(SolutionConfigurationPlatforms) = preSolution
		Debug|Any CPU = Debug|Any CPU
		Debug|ARM = Debug|ARM
		Debug|x64 = Debug|x64
		Debug|x86 = Debug|x86
		Release|Any CPU = Release|Any CPU
		Release|ARM = Release|ARM
		Release|x64 = Release|x64
		Release|x86 = Release|x86
	EndGlobalSection
	GlobalSection(ProjectConfigurationPlatforms) = postSolution
		{74C8C617-DB74-4798-B585-69CDFEF7E396}.Debug|Any CPU.ActiveCfg = Debug|Any CPU
		{74C8C617-DB74-4798-B585-69CDFEF7E396}.Debug|Any CPU.Build.0 = Debug|Any CPU
		{74C8C617-DB74-4798-B585-69CDFEF7E396}.Debug|ARM.ActiveCfg = Debug|Any CPU
		{74C8C617-DB74-4798-B585-69CDFEF7E396}.Debug|x64.ActiveCfg = Debug|Any CPU
		{74C8C617-DB74-4798-B585-69CDFEF7E396}.Debug|x86.ActiveCfg = Debug|Any CPU
		{74C8C617-DB74-4798-B585-69CDFEF7E396}.Release|Any CPU.ActiveCfg = Release|Any CPU
		{74C8C617-DB74-4798-B585-69CDFEF7E396}.Release|Any CPU.Build.0 = Release|Any CPU
		{74C8C617-DB74-4798-B585-69CDFEF7E396}.Release|ARM.ActiveCfg = Release|Any CPU
		{74C8C617-DB74-4798-B585-69CDFEF7E396}.Release|x64.ActiveCfg = Release|Any CPU
		{74C8C617-DB74-4798-B585-69CDFEF7E396}.Release|x86.ActiveCfg = Release|Any CPU
		{4C7C710A-7F81-40FD-89C8-A3CEB99BB612}.Debug|Any CPU.ActiveCfg = Debug|Any CPU
		{4C7C710A-7F81-40FD-89C8-A3CEB99BB612}.Debug|Any CPU.Build.0 = Debug|Any CPU
		{4C7C710A-7F81-40FD-89C8-A3CEB99BB612}.Debug|ARM.ActiveCfg = Debug|Any CPU
		{4C7C710A-7F81-40FD-89C8-A3CEB99BB612}.Debug|x64.ActiveCfg = Debug|Any CPU
		{4C7C710A-7F81-40FD-89C8-A3CEB99BB612}.Debug|x86.ActiveCfg = Debug|Any CPU
		{4C7C710A-7F81-40FD-89C8-A3CEB99BB612}.Release|Any CPU.ActiveCfg = Release|Any CPU
		{4C7C710A-7F81-40FD-89C8-A3CEB99BB612}.Release|Any CPU.Build.0 = Release|Any CPU
		{4C7C710A-7F81-40FD-89C8-A3CEB99BB612}.Release|ARM.ActiveCfg = Release|Any CPU
		{4C7C710A-7F81-40FD-89C8-A3CEB99BB612}.Release|x64.ActiveCfg = Release|Any CPU
		{4C7C710A-7F81-40FD-89C8-A3CEB99BB612}.Release|x86.ActiveCfg = Release|Any CPU
	EndGlobalSection
	GlobalSection(SolutionProperties) = preSolution
		HideSolutionNode = FALSE
	EndGlobalSection
EndGlobal
